
Microsoft Visual Studio Solution File, Format Version 12.00
# Visual Studio 15
Project("{FAE04EC0-301F-11D3-BF4B-00C04F79EFBC}") = "Unity.ProBuilder.Examples", "Unity.ProBuilder.Examples.csproj", "{75BD3DB3-130D-E9A8-F528-CD65871C0E0D}"
EndProject
Project("{FAE04EC0-301F-11D3-BF4B-00C04F79EFBC}") = "Assembly-CSharp", "Assembly-CSharp.csproj", "{AD38D2E4-7849-66AC-16F5-FC605F9A7D0C}"
EndProject
Project("{FAE04EC0-301F-11D3-BF4B-00C04F79EFBC}") = "Assembly-CSharp-Editor", "Assembly-CSharp-Editor.csproj", "{1C0A222D-1399-37C2-BB26-626361861A33}"
EndProject
Global
	GlobalSection(SolutionConfigurationPlatforms) = preSolution
		Debug|Any CPU = Debug|Any CPU
		Release|Any CPU = Release|Any CPU
	EndGlobalSection
	GlobalSection(ProjectConfigurationPlatforms) = postSolution
		{75BD3DB3-130D-E9A8-F528-CD65871C0E0D}.Debug|Any CPU.ActiveCfg = Debug|Any CPU
		{75BD3DB3-130D-E9A8-F528-CD65871C0E0D}.Debug|Any CPU.Build.0 = Debug|Any CPU
		{75BD3DB3-130D-E9A8-F528-CD65871C0E0D}.Release|Any CPU.ActiveCfg = Release|Any CPU
		{75BD3DB3-130D-E9A8-F528-CD65871C0E0D}.Release|Any CPU.Build.0 = Release|Any CPU
		{AD38D2E4-7849-66AC-16F5-FC605F9A7D0C}.Debug|Any CPU.ActiveCfg = Debug|Any CPU
		{AD38D2E4-7849-66AC-16F5-FC605F9A7D0C}.Debug|Any CPU.Build.0 = Debug|Any CPU
		{AD38D2E4-7849-66AC-16F5-FC605F9A7D0C}.Release|Any CPU.ActiveCfg = Release|Any CPU
		{AD38D2E4-7849-66AC-16F5-FC605F9A7D0C}.Release|Any CPU.Build.0 = Release|Any CPU
		{1C0A222D-1399-37C2-BB26-626361861A33}.Debug|Any CPU.ActiveCfg = Debug|Any CPU
		{1C0A222D-1399-37C2-BB26-626361861A33}.Debug|Any CPU.Build.0 = Debug|Any CPU
		{1C0A222D-1399-37C2-BB26-626361861A33}.Release|Any CPU.ActiveCfg = Release|Any CPU
		{1C0A222D-1399-37C2-BB26-626361861A33}.Release|Any CPU.Build.0 = Release|Any CPU
	EndGlobalSection
	GlobalSection(SolutionProperties) = preSolution
		HideSolutionNode = FALSE
	EndGlobalSection
EndGlobal
